// !$*UTF8*$!
{
	archiveVersion = 1;
	classes = {
	};
	objectVersion = 50;
	objects = {

/* Begin PBXBuildFile section */
		3F970CC12250EAE70023B152 /* AppDelegate.swift in Sources */ = {isa = PBXBuildFile; fileRef = 3F970CC02250EAE70023B152 /* AppDelegate.swift */; };
		3F970CC32250EAE70023B152 /* ViewController.swift in Sources */ = {isa = PBXBuildFile; fileRef = 3F970CC22250EAE70023B152 /* ViewController.swift */; };
		3F970CC62250EAE70023B152 /* Main.storyboard in Resources */ = {isa = PBXBuildFile; fileRef = 3F970CC42250EAE70023B152 /* Main.storyboard */; };
		3F970CC82250EAE90023B152 /* Assets.xcassets in Resources */ = {isa = PBXBuildFile; fileRef = 3F970CC72250EAE90023B152 /* Assets.xcassets */; };
		3F970CCB2250EAE90023B152 /* LaunchScreen.storyboard in Resources */ = {isa = PBXBuildFile; fileRef = 3F970CC92250EAE90023B152 /* LaunchScreen.storyboard */; };
		3F970CD92250EB260023B152 /* IntentHandler.swift in Sources */ = {isa = PBXBuildFile; fileRef = 3F970CD82250EB260023B152 /* IntentHandler.swift */; };
		3F970CE22250EB270023B152 /* IntentsUI.framework in Frameworks */ = {isa = PBXBuildFile; fileRef = 3F970CE12250EB270023B152 /* IntentsUI.framework */; };
		3F970CE52250EB270023B152 /* IntentViewController.swift in Sources */ = {isa = PBXBuildFile; fileRef = 3F970CE42250EB270023B152 /* IntentViewController.swift */; };
		3F970CE82250EB270023B152 /* MainInterface.storyboard in Resources */ = {isa = PBXBuildFile; fileRef = 3F970CE62250EB270023B152 /* MainInterface.storyboard */; };
		3F970CEC2250EB270023B152 /* SiriUI.appex in Embed App Extensions */ = {isa = PBXBuildFile; fileRef = 3F970CDF2250EB270023B152 /* SiriUI.appex */; settings = {ATTRIBUTES = (RemoveHeadersOnCopy, ); }; };
		3F970CEF2250EB270023B152 /* Siri.appex in Embed App Extensions */ = {isa = PBXBuildFile; fileRef = 3F970CD62250EB260023B152 /* Siri.appex */; settings = {ATTRIBUTES = (RemoveHeadersOnCopy, ); }; };
		3F970CF92250EB890023B152 /* IntentsTest.intentdefinition in Sources */ = {isa = PBXBuildFile; fileRef = 3F970CF72250EB890023B152 /* IntentsTest.intentdefinition */; settings = {ATTRIBUTES = (no_codegen, ); }; };
		3F970CFA2250EB890023B152 /* IntentsTest.intentdefinition in Sources */ = {isa = PBXBuildFile; fileRef = 3F970CF72250EB890023B152 /* IntentsTest.intentdefinition */; settings = {ATTRIBUTES = (no_codegen, ); }; };
		3F970CFD2250EBA50023B152 /* CoolFunClass.swift in Sources */ = {isa = PBXBuildFile; fileRef = 3F970CFB2250EBA50023B152 /* CoolFunClass.swift */; };
		3F970D0E22510A6F0023B152 /* HelperSiri.h in Headers */ = {isa = PBXBuildFile; fileRef = 3F970D0C22510A6F0023B152 /* HelperSiri.h */; settings = {ATTRIBUTES = (Public, ); }; };
		3F970D1122510A6F0023B152 /* HelperSiri.framework in Frameworks */ = {isa = PBXBuildFile; fileRef = 3F970D0A22510A6F0023B152 /* HelperSiri.framework */; };
		3F970D1222510A6F0023B152 /* HelperSiri.framework in Embed Frameworks */ = {isa = PBXBuildFile; fileRef = 3F970D0A22510A6F0023B152 /* HelperSiri.framework */; settings = {ATTRIBUTES = (CodeSignOnCopy, RemoveHeadersOnCopy, ); }; };
		3F970D1722510A780023B152 /* IntentsTest.intentdefinition in Sources */ = {isa = PBXBuildFile; fileRef = 3F970CF72250EB890023B152 /* IntentsTest.intentdefinition */; };
		3F970D1822510A870023B152 /* SiriHelperClass.swift in Sources */ = {isa = PBXBuildFile; fileRef = 3F970D002250F3A00023B152 /* SiriHelperClass.swift */; };
		3F970D1922510AA40023B152 /* HelperSiri.framework in Frameworks */ = {isa = PBXBuildFile; fileRef = 3F970D0A22510A6F0023B152 /* HelperSiri.framework */; };
		3F970D1A22510C410023B152 /* IntentsTest.intentdefinition in Sources */ = {isa = PBXBuildFile; fileRef = 3F970CF72250EB890023B152 /* IntentsTest.intentdefinition */; settings = {ATTRIBUTES = (no_codegen, ); }; };
/* End PBXBuildFile section */

/* Begin PBXContainerItemProxy section */
		3F970CEA2250EB270023B152 /* PBXContainerItemProxy */ = {
			isa = PBXContainerItemProxy;
			containerPortal = 3F970CB52250EAE70023B152 /* Project object */;
			proxyType = 1;
			remoteGlobalIDString = 3F970CDE2250EB270023B152;
			remoteInfo = SiriUI;
		};
		3F970CED2250EB270023B152 /* PBXContainerItemProxy */ = {
			isa = PBXContainerItemProxy;
			containerPortal = 3F970CB52250EAE70023B152 /* Project object */;
			proxyType = 1;
			remoteGlobalIDString = 3F970CD52250EB260023B152;
			remoteInfo = Siri;
		};
		3F970D0F22510A6F0023B152 /* PBXContainerItemProxy */ = {
			isa = PBXContainerItemProxy;
			containerPortal = 3F970CB52250EAE70023B152 /* Project object */;
			proxyType = 1;
			remoteGlobalIDString = 3F970D0922510A6F0023B152;
			remoteInfo = HelperSiri;
		};
/* End PBXContainerItemProxy section */

/* Begin PBXCopyFilesBuildPhase section */
		3F970CF62250EB270023B152 /* Embed App Extensions */ = {
			isa = PBXCopyFilesBuildPhase;
			buildActionMask = 2147483647;
			dstPath = "";
			dstSubfolderSpec = 13;
			files = (
				3F970CEC2250EB270023B152 /* SiriUI.appex in Embed App Extensions */,
				3F970CEF2250EB270023B152 /* Siri.appex in Embed App Extensions */,
			);
			name = "Embed App Extensions";
			runOnlyForDeploymentPostprocessing = 0;
		};
		3F970D1622510A6F0023B152 /* Embed Frameworks */ = {
			isa = PBXCopyFilesBuildPhase;
			buildActionMask = 2147483647;
			dstPath = "";
			dstSubfolderSpec = 10;
			files = (
				3F970D1222510A6F0023B152 /* HelperSiri.framework in Embed Frameworks */,
			);
			name = "Embed Frameworks";
			runOnlyForDeploymentPostprocessing = 0;
		};
/* End PBXCopyFilesBuildPhase section */

/* Begin PBXFileReference section */
		3F970CBD2250EAE70023B152 /* SiriTest.app */ = {isa = PBXFileReference; explicitFileType = wrapper.application; includeInIndex = 0; path = SiriTest.app; sourceTree = BUILT_PRODUCTS_DIR; };
		3F970CC02250EAE70023B152 /* AppDelegate.swift */ = {isa = PBXFileReference; lastKnownFileType = sourcecode.swift; path = AppDelegate.swift; sourceTree = "<group>"; };
		3F970CC22250EAE70023B152 /* ViewController.swift */ = {isa = PBXFileReference; lastKnownFileType = sourcecode.swift; path = ViewController.swift; sourceTree = "<group>"; };
		3F970CC52250EAE70023B152 /* Base */ = {isa = PBXFileReference; lastKnownFileType = file.storyboard; name = Base; path = Base.lproj/Main.storyboard; sourceTree = "<group>"; };
		3F970CC72250EAE90023B152 /* Assets.xcassets */ = {isa = PBXFileReference; lastKnownFileType = folder.assetcatalog; path = Assets.xcassets; sourceTree = "<group>"; };
		3F970CCA2250EAE90023B152 /* Base */ = {isa = PBXFileReference; lastKnownFileType = file.storyboard; name = Base; path = Base.lproj/LaunchScreen.storyboard; sourceTree = "<group>"; };
		3F970CCC2250EAE90023B152 /* Info.plist */ = {isa = PBXFileReference; lastKnownFileType = text.plist.xml; path = Info.plist; sourceTree = "<group>"; };
		3F970CD62250EB260023B152 /* Siri.appex */ = {isa = PBXFileReference; explicitFileType = "wrapper.app-extension"; includeInIndex = 0; path = Siri.appex; sourceTree = BUILT_PRODUCTS_DIR; };
		3F970CD82250EB260023B152 /* IntentHandler.swift */ = {isa = PBXFileReference; lastKnownFileType = sourcecode.swift; path = IntentHandler.swift; sourceTree = "<group>"; };
		3F970CDA2250EB260023B152 /* Info.plist */ = {isa = PBXFileReference; lastKnownFileType = text.plist.xml; path = Info.plist; sourceTree = "<group>"; };
		3F970CDF2250EB270023B152 /* SiriUI.appex */ = {isa = PBXFileReference; explicitFileType = "wrapper.app-extension"; includeInIndex = 0; path = SiriUI.appex; sourceTree = BUILT_PRODUCTS_DIR; };
		3F970CE12250EB270023B152 /* IntentsUI.framework */ = {isa = PBXFileReference; lastKnownFileType = wrapper.framework; name = IntentsUI.framework; path = System/Library/Frameworks/IntentsUI.framework; sourceTree = SDKROOT; };
		3F970CE42250EB270023B152 /* IntentViewController.swift */ = {isa = PBXFileReference; lastKnownFileType = sourcecode.swift; path = IntentViewController.swift; sourceTree = "<group>"; };
		3F970CE72250EB270023B152 /* Base */ = {isa = PBXFileReference; lastKnownFileType = file.storyboard; name = Base; path = Base.lproj/MainInterface.storyboard; sourceTree = "<group>"; };
		3F970CE92250EB270023B152 /* Info.plist */ = {isa = PBXFileReference; lastKnownFileType = text.plist.xml; path = Info.plist; sourceTree = "<group>"; };
		3F970CF72250EB890023B152 /* IntentsTest.intentdefinition */ = {isa = PBXFileReference; lastKnownFileType = file.intentdefinition; path = IntentsTest.intentdefinition; sourceTree = "<group>"; };
		3F970CFB2250EBA50023B152 /* CoolFunClass.swift */ = {isa = PBXFileReference; lastKnownFileType = sourcecode.swift; path = CoolFunClass.swift; sourceTree = "<group>"; };
		3F970CFF2250ED9D0023B152 /* SiriTest.entitlements */ = {isa = PBXFileReference; lastKnownFileType = text.plist.entitlements; path = SiriTest.entitlements; sourceTree = "<group>"; };
		3F970D002250F3A00023B152 /* SiriHelperClass.swift */ = {isa = PBXFileReference; lastKnownFileType = sourcecode.swift; path = SiriHelperClass.swift; sourceTree = "<group>"; };
		3F970D04225100F60023B152 /* Siri.entitlements */ = {isa = PBXFileReference; lastKnownFileType = text.plist.entitlements; path = Siri.entitlements; sourceTree = "<group>"; };
		3F970D0A22510A6F0023B152 /* HelperSiri.framework */ = {isa = PBXFileReference; explicitFileType = wrapper.framework; includeInIndex = 0; path = HelperSiri.framework; sourceTree = BUILT_PRODUCTS_DIR; };
		3F970D0C22510A6F0023B152 /* HelperSiri.h */ = {isa = PBXFileReference; lastKnownFileType = sourcecode.c.h; path = HelperSiri.h; sourceTree = "<group>"; };
		3F970D0D22510A6F0023B152 /* Info.plist */ = {isa = PBXFileReference; lastKnownFileType = text.plist.xml; path = Info.plist; sourceTree = "<group>"; };
/* End PBXFileReference section */

/* Begin PBXFrameworksBuildPhase section */
		3F970CBA2250EAE70023B152 /* Frameworks */ = {
			isa = PBXFrameworksBuildPhase;
			buildActionMask = 2147483647;
			files = (
				3F970D1122510A6F0023B152 /* HelperSiri.framework in Frameworks */,
			);
			runOnlyForDeploymentPostprocessing = 0;
		};
		3F970CD32250EB260023B152 /* Frameworks */ = {
			isa = PBXFrameworksBuildPhase;
			buildActionMask = 2147483647;
			files = (
				3F970D1922510AA40023B152 /* HelperSiri.framework in Frameworks */,
			);
			runOnlyForDeploymentPostprocessing = 0;
		};
		3F970CDC2250EB270023B152 /* Frameworks */ = {
			isa = PBXFrameworksBuildPhase;
			buildActionMask = 2147483647;
			files = (
				3F970CE22250EB270023B152 /* IntentsUI.framework in Frameworks */,
			);
			runOnlyForDeploymentPostprocessing = 0;
		};
		3F970D0722510A6F0023B152 /* Frameworks */ = {
			isa = PBXFrameworksBuildPhase;
			buildActionMask = 2147483647;
			files = (
			);
			runOnlyForDeploymentPostprocessing = 0;
		};
/* End PBXFrameworksBuildPhase section */

/* Begin PBXGroup section */
		3F970CB42250EAE70023B152 = {
			isa = PBXGroup;
			children = (
				3F970CBF2250EAE70023B152 /* SiriTest */,
				3F970CD72250EB260023B152 /* Siri */,
				3F970CE32250EB270023B152 /* SiriUI */,
				3F970D0B22510A6F0023B152 /* HelperSiri */,
				3F970CE02250EB270023B152 /* Frameworks */,
				3F970CBE2250EAE70023B152 /* Products */,
			);
			sourceTree = "<group>";
		};
		3F970CBE2250EAE70023B152 /* Products */ = {
			isa = PBXGroup;
			children = (
				3F970CBD2250EAE70023B152 /* SiriTest.app */,
				3F970CD62250EB260023B152 /* Siri.appex */,
				3F970CDF2250EB270023B152 /* SiriUI.appex */,
				3F970D0A22510A6F0023B152 /* HelperSiri.framework */,
			);
			name = Products;
			sourceTree = "<group>";
		};
		3F970CBF2250EAE70023B152 /* SiriTest */ = {
			isa = PBXGroup;
			children = (
				3F970CFF2250ED9D0023B152 /* SiriTest.entitlements */,
				3F970CC02250EAE70023B152 /* AppDelegate.swift */,
				3F970CC22250EAE70023B152 /* ViewController.swift */,
				3F970CC42250EAE70023B152 /* Main.storyboard */,
				3F970CC72250EAE90023B152 /* Assets.xcassets */,
				3F970CC92250EAE90023B152 /* LaunchScreen.storyboard */,
				3F970CCC2250EAE90023B152 /* Info.plist */,
			);
			path = SiriTest;
			sourceTree = "<group>";
		};
		3F970CD72250EB260023B152 /* Siri */ = {
			isa = PBXGroup;
			children = (
				3F970D04225100F60023B152 /* Siri.entitlements */,
				3F970CD82250EB260023B152 /* IntentHandler.swift */,
				3F970CDA2250EB260023B152 /* Info.plist */,
				3F970CF72250EB890023B152 /* IntentsTest.intentdefinition */,
				3F970CFB2250EBA50023B152 /* CoolFunClass.swift */,
			);
			path = Siri;
			sourceTree = "<group>";
		};
		3F970CE02250EB270023B152 /* Frameworks */ = {
			isa = PBXGroup;
			children = (
				3F970CE12250EB270023B152 /* IntentsUI.framework */,
			);
			name = Frameworks;
			sourceTree = "<group>";
		};
		3F970CE32250EB270023B152 /* SiriUI */ = {
			isa = PBXGroup;
			children = (
				3F970CE42250EB270023B152 /* IntentViewController.swift */,
				3F970CE62250EB270023B152 /* MainInterface.storyboard */,
				3F970CE92250EB270023B152 /* Info.plist */,
			);
			path = SiriUI;
			sourceTree = "<group>";
		};
		3F970D0B22510A6F0023B152 /* HelperSiri */ = {
			isa = PBXGroup;
			children = (
				3F970D002250F3A00023B152 /* SiriHelperClass.swift */,
				3F970D0C22510A6F0023B152 /* HelperSiri.h */,
				3F970D0D22510A6F0023B152 /* Info.plist */,
			);
			path = HelperSiri;
			sourceTree = "<group>";
		};
/* End PBXGroup section */

/* Begin PBXHeadersBuildPhase section */
		3F970D0522510A6F0023B152 /* Headers */ = {
			isa = PBXHeadersBuildPhase;
			buildActionMask = 2147483647;
			files = (
				3F970D0E22510A6F0023B152 /* HelperSiri.h in Headers */,
			);
			runOnlyForDeploymentPostprocessing = 0;
		};
/* End PBXHeadersBuildPhase section */

/* Begin PBXNativeTarget section */
		3F970CBC2250EAE70023B152 /* SiriTest */ = {
			isa = PBXNativeTarget;
			buildConfigurationList = 3F970CCF2250EAE90023B152 /* Build configuration list for PBXNativeTarget "SiriTest" */;
			buildPhases = (
				3F970CB92250EAE70023B152 /* Sources */,
				3F970CBA2250EAE70023B152 /* Frameworks */,
				3F970CBB2250EAE70023B152 /* Resources */,
				3F970CF62250EB270023B152 /* Embed App Extensions */,
				3F970D1622510A6F0023B152 /* Embed Frameworks */,
			);
			buildRules = (
			);
			dependencies = (
				3F970CEB2250EB270023B152 /* PBXTargetDependency */,
				3F970CEE2250EB270023B152 /* PBXTargetDependency */,
				3F970D1022510A6F0023B152 /* PBXTargetDependency */,
			);
			name = SiriTest;
			productName = SiriTest;
			productReference = 3F970CBD2250EAE70023B152 /* SiriTest.app */;
			productType = "com.apple.product-type.application";
		};
		3F970CD52250EB260023B152 /* Siri */ = {
			isa = PBXNativeTarget;
			buildConfigurationList = 3F970CF32250EB270023B152 /* Build configuration list for PBXNativeTarget "Siri" */;
			buildPhases = (
				3F970CD22250EB260023B152 /* Sources */,
				3F970CD32250EB260023B152 /* Frameworks */,
				3F970CD42250EB260023B152 /* Resources */,
			);
			buildRules = (
			);
			dependencies = (
			);
			name = Siri;
			productName = Siri;
			productReference = 3F970CD62250EB260023B152 /* Siri.appex */;
			productType = "com.apple.product-type.app-extension";
		};
		3F970CDE2250EB270023B152 /* SiriUI */ = {
			isa = PBXNativeTarget;
			buildConfigurationList = 3F970CF02250EB270023B152 /* Build configuration list for PBXNativeTarget "SiriUI" */;
			buildPhases = (
				3F970CDB2250EB270023B152 /* Sources */,
				3F970CDC2250EB270023B152 /* Frameworks */,
				3F970CDD2250EB270023B152 /* Resources */,
			);
			buildRules = (
			);
			dependencies = (
			);
			name = SiriUI;
			productName = SiriUI;
			productReference = 3F970CDF2250EB270023B152 /* SiriUI.appex */;
			productType = "com.apple.product-type.app-extension";
		};
		3F970D0922510A6F0023B152 /* HelperSiri */ = {
			isa = PBXNativeTarget;
			buildConfigurationList = 3F970D1322510A6F0023B152 /* Build configuration list for PBXNativeTarget "HelperSiri" */;
			buildPhases = (
				3F970D0522510A6F0023B152 /* Headers */,
				3F970D0622510A6F0023B152 /* Sources */,
				3F970D0722510A6F0023B152 /* Frameworks */,
				3F970D0822510A6F0023B152 /* Resources */,
			);
			buildRules = (
			);
			dependencies = (
			);
			name = HelperSiri;
			productName = HelperSiri;
			productReference = 3F970D0A22510A6F0023B152 /* HelperSiri.framework */;
			productType = "com.apple.product-type.framework";
		};
/* End PBXNativeTarget section */

/* Begin PBXProject section */
		3F970CB52250EAE70023B152 /* Project object */ = {
			isa = PBXProject;
			attributes = {
				LastSwiftUpdateCheck = 1010;
				LastUpgradeCheck = 1010;
				ORGANIZATIONNAME = Raju;
				TargetAttributes = {
					3F970CBC2250EAE70023B152 = {
						CreatedOnToolsVersion = 10.1;
						SystemCapabilities = {
							com.apple.ApplicationGroups.iOS = {
								enabled = 1;
							};
							com.apple.Siri = {
								enabled = 1;
							};
						};
					};
					3F970CD52250EB260023B152 = {
						CreatedOnToolsVersion = 10.1;
						SystemCapabilities = {
							com.apple.ApplicationGroups.iOS = {
								enabled = 1;
							};
						};
					};
					3F970CDE2250EB270023B152 = {
						CreatedOnToolsVersion = 10.1;
					};
					3F970D0922510A6F0023B152 = {
						CreatedOnToolsVersion = 10.1;
					};
				};
			};
			buildConfigurationList = 3F970CB82250EAE70023B152 /* Build configuration list for PBXProject "SiriTest" */;
			compatibilityVersion = "Xcode 9.3";
			developmentRegion = en;
			hasScannedForEncodings = 0;
			knownRegions = (
				en,
				Base,
			);
			mainGroup = 3F970CB42250EAE70023B152;
			productRefGroup = 3F970CBE2250EAE70023B152 /* Products */;
			projectDirPath = "";
			projectRoot = "";
			targets = (
				3F970CBC2250EAE70023B152 /* SiriTest */,
				3F970CD52250EB260023B152 /* Siri */,
				3F970CDE2250EB270023B152 /* SiriUI */,
				3F970D0922510A6F0023B152 /* HelperSiri */,
			);
		};
/* End PBXProject section */

/* Begin PBXResourcesBuildPhase section */
		3F970CBB2250EAE70023B152 /* Resources */ = {
			isa = PBXResourcesBuildPhase;
			buildActionMask = 2147483647;
			files = (
				3F970CCB2250EAE90023B152 /* LaunchScreen.storyboard in Resources */,
				3F970CC82250EAE90023B152 /* Assets.xcassets in Resources */,
				3F970CC62250EAE70023B152 /* Main.storyboard in Resources */,
			);
			runOnlyForDeploymentPostprocessing = 0;
		};
		3F970CD42250EB260023B152 /* Resources */ = {
			isa = PBXResourcesBuildPhase;
			buildActionMask = 2147483647;
			files = (
			);
			runOnlyForDeploymentPostprocessing = 0;
		};
		3F970CDD2250EB270023B152 /* Resources */ = {
			isa = PBXResourcesBuildPhase;
			buildActionMask = 2147483647;
			files = (
				3F970CE82250EB270023B152 /* MainInterface.storyboard in Resources */,
			);
			runOnlyForDeploymentPostprocessing = 0;
		};
		3F970D0822510A6F0023B152 /* Resources */ = {
			isa = PBXResourcesBuildPhase;
			buildActionMask = 2147483647;
			files = (
			);
			runOnlyForDeploymentPostprocessing = 0;
		};
/* End PBXResourcesBuildPhase section */

/* Begin PBXSourcesBuildPhase section */
		3F970CB92250EAE70023B152 /* Sources */ = {
			isa = PBXSourcesBuildPhase;
			buildActionMask = 2147483647;
			files = (
				3F970CC32250EAE70023B152 /* ViewController.swift in Sources */,
				3F970CC12250EAE70023B152 /* AppDelegate.swift in Sources */,
				3F970D1A22510C410023B152 /* IntentsTest.intentdefinition in Sources */,
			);
			runOnlyForDeploymentPostprocessing = 0;
		};
		3F970CD22250EB260023B152 /* Sources */ = {
			isa = PBXSourcesBuildPhase;
			buildActionMask = 2147483647;
			files = (
				3F970CF92250EB890023B152 /* IntentsTest.intentdefinition in Sources */,
				3F970CD92250EB260023B152 /* IntentHandler.swift in Sources */,
				3F970CFD2250EBA50023B152 /* CoolFunClass.swift in Sources */,
			);
			runOnlyForDeploymentPostprocessing = 0;
		};
		3F970CDB2250EB270023B152 /* Sources */ = {
			isa = PBXSourcesBuildPhase;
			buildActionMask = 2147483647;
			files = (
				3F970CFA2250EB890023B152 /* IntentsTest.intentdefinition in Sources */,
				3F970CE52250EB270023B152 /* IntentViewController.swift in Sources */,
			);
			runOnlyForDeploymentPostprocessing = 0;
		};
		3F970D0622510A6F0023B152 /* Sources */ = {
			isa = PBXSourcesBuildPhase;
			buildActionMask = 2147483647;
			files = (
				3F970D1722510A780023B152 /* IntentsTest.intentdefinition in Sources */,
				3F970D1822510A870023B152 /* SiriHelperClass.swift in Sources */,
			);
			runOnlyForDeploymentPostprocessing = 0;
		};
/* End PBXSourcesBuildPhase section */

/* Begin PBXTargetDependency section */
		3F970CEB2250EB270023B152 /* PBXTargetDependency */ = {
			isa = PBXTargetDependency;
			target = 3F970CDE2250EB270023B152 /* SiriUI */;
			targetProxy = 3F970CEA2250EB270023B152 /* PBXContainerItemProxy */;
		};
		3F970CEE2250EB270023B152 /* PBXTargetDependency */ = {
			isa = PBXTargetDependency;
			target = 3F970CD52250EB260023B152 /* Siri */;
			targetProxy = 3F970CED2250EB270023B152 /* PBXContainerItemProxy */;
		};
		3F970D1022510A6F0023B152 /* PBXTargetDependency */ = {
			isa = PBXTargetDependency;
			target = 3F970D0922510A6F0023B152 /* HelperSiri */;
			targetProxy = 3F970D0F22510A6F0023B152 /* PBXContainerItemProxy */;
		};
/* End PBXTargetDependency section */

/* Begin PBXVariantGroup section */
		3F970CC42250EAE70023B152 /* Main.storyboard */ = {
			isa = PBXVariantGroup;
			children = (
				3F970CC52250EAE70023B152 /* Base */,
			);
			name = Main.storyboard;
			sourceTree = "<group>";
		};
		3F970CC92250EAE90023B152 /* LaunchScreen.storyboard */ = {
			isa = PBXVariantGroup;
			children = (
				3F970CCA2250EAE90023B152 /* Base */,
			);
			name = LaunchScreen.storyboard;
			sourceTree = "<group>";
		};
		3F970CE62250EB270023B152 /* MainInterface.storyboard */ = {
			isa = PBXVariantGroup;
			children = (
				3F970CE72250EB270023B152 /* Base */,
			);
			name = MainInterface.storyboard;
			sourceTree = "<group>";
		};
/* End PBXVariantGroup section */

/* Begin XCBuildConfiguration section */
		3F970CCD2250EAE90023B152 /* Debug */ = {
			isa = XCBuildConfiguration;
			buildSettings = {
				ALWAYS_SEARCH_USER_PATHS = NO;
				CLANG_ANALYZER_NONNULL = YES;
				CLANG_ANALYZER_NUMBER_OBJECT_CONVERSION = YES_AGGRESSIVE;
				CLANG_CXX_LANGUAGE_STANDARD = "gnu++14";
				CLANG_CXX_LIBRARY = "libc++";
				CLANG_ENABLE_MODULES = YES;
				CLANG_ENABLE_OBJC_ARC = YES;
				CLANG_ENABLE_OBJC_WEAK = YES;
				CLANG_WARN_BLOCK_CAPTURE_AUTORELEASING = YES;
				CLANG_WARN_BOOL_CONVERSION = YES;
				CLANG_WARN_COMMA = YES;
				CLANG_WARN_CONSTANT_CONVERSION = YES;
				CLANG_WARN_DEPRECATED_OBJC_IMPLEMENTATIONS = YES;
				CLANG_WARN_DIRECT_OBJC_ISA_USAGE = YES_ERROR;
				CLANG_WARN_DOCUMENTATION_COMMENTS = YES;
				CLANG_WARN_EMPTY_BODY = YES;
				CLANG_WARN_ENUM_CONVERSION = YES;
				CLANG_WARN_INFINITE_RECURSION = YES;
				CLANG_WARN_INT_CONVERSION = YES;
				CLANG_WARN_NON_LITERAL_NULL_CONVERSION = YES;
				CLANG_WARN_OBJC_IMPLICIT_RETAIN_SELF = YES;
				CLANG_WARN_OBJC_LITERAL_CONVERSION = YES;
				CLANG_WARN_OBJC_ROOT_CLASS = YES_ERROR;
				CLANG_WARN_RANGE_LOOP_ANALYSIS = YES;
				CLANG_WARN_STRICT_PROTOTYPES = YES;
				CLANG_WARN_SUSPICIOUS_MOVE = YES;
				CLANG_WARN_UNGUARDED_AVAILABILITY = YES_AGGRESSIVE;
				CLANG_WARN_UNREACHABLE_CODE = YES;
				CLANG_WARN__DUPLICATE_METHOD_MATCH = YES;
				CODE_SIGN_IDENTITY = "iPhone Developer";
				COPY_PHASE_STRIP = NO;
				DEBUG_INFORMATION_FORMAT = dwarf;
				ENABLE_STRICT_OBJC_MSGSEND = YES;
				ENABLE_TESTABILITY = YES;
				GCC_C_LANGUAGE_STANDARD = gnu11;
				GCC_DYNAMIC_NO_PIC = NO;
				GCC_NO_COMMON_BLOCKS = YES;
				GCC_OPTIMIZATION_LEVEL = 0;
				GCC_PREPROCESSOR_DEFINITIONS = (
					"DEBUG=1",
					"$(inherited)",
				);
				GCC_WARN_64_TO_32_BIT_CONVERSION = YES;
				GCC_WARN_ABOUT_RETURN_TYPE = YES_ERROR;
				GCC_WARN_UNDECLARED_SELECTOR = YES;
				GCC_WARN_UNINITIALIZED_AUTOS = YES_AGGRESSIVE;
				GCC_WARN_UNUSED_FUNCTION = YES;
				GCC_WARN_UNUSED_VARIABLE = YES;
				IPHONEOS_DEPLOYMENT_TARGET = 12.1;
				MTL_ENABLE_DEBUG_INFO = INCLUDE_SOURCE;
				MTL_FAST_MATH = YES;
				ONLY_ACTIVE_ARCH = YES;
				SDKROOT = iphoneos;
				SWIFT_ACTIVE_COMPILATION_CONDITIONS = DEBUG;
				SWIFT_OPTIMIZATION_LEVEL = "-Onone";
			};
			name = Debug;
		};
		3F970CCE2250EAE90023B152 /* Release */ = {
			isa = XCBuildConfiguration;
			buildSettings = {
				ALWAYS_SEARCH_USER_PATHS = NO;
				CLANG_ANALYZER_NONNULL = YES;
				CLANG_ANALYZER_NUMBER_OBJECT_CONVERSION = YES_AGGRESSIVE;
				CLANG_CXX_LANGUAGE_STANDARD = "gnu++14";
				CLANG_CXX_LIBRARY = "libc++";
				CLANG_ENABLE_MODULES = YES;
				CLANG_ENABLE_OBJC_ARC = YES;
				CLANG_ENABLE_OBJC_WEAK = YES;
				CLANG_WARN_BLOCK_CAPTURE_AUTORELEASING = YES;
				CLANG_WARN_BOOL_CONVERSION = YES;
				CLANG_WARN_COMMA = YES;
				CLANG_WARN_CONSTANT_CONVERSION = YES;
				CLANG_WARN_DEPRECATED_OBJC_IMPLEMENTATIONS = YES;
				CLANG_WARN_DIRECT_OBJC_ISA_USAGE = YES_ERROR;
				CLANG_WARN_DOCUMENTATION_COMMENTS = YES;
				CLANG_WARN_EMPTY_BODY = YES;
				CLANG_WARN_ENUM_CONVERSION = YES;
				CLANG_WARN_INFINITE_RECURSION = YES;
				CLANG_WARN_INT_CONVERSION = YES;
				CLANG_WARN_NON_LITERAL_NULL_CONVERSION = YES;
				CLANG_WARN_OBJC_IMPLICIT_RETAIN_SELF = YES;
				CLANG_WARN_OBJC_LITERAL_CONVERSION = YES;
				CLANG_WARN_OBJC_ROOT_CLASS = YES_ERROR;
				CLANG_WARN_RANGE_LOOP_ANALYSIS = YES;
				CLANG_WARN_STRICT_PROTOTYPES = YES;
				CLANG_WARN_SUSPICIOUS_MOVE = YES;
				CLANG_WARN_UNGUARDED_AVAILABILITY = YES_AGGRESSIVE;
				CLANG_WARN_UNREACHABLE_CODE = YES;
				CLANG_WARN__DUPLICATE_METHOD_MATCH = YES;
				CODE_SIGN_IDENTITY = "iPhone Developer";
				COPY_PHASE_STRIP = NO;
				DEBUG_INFORMATION_FORMAT = "dwarf-with-dsym";
				ENABLE_NS_ASSERTIONS = NO;
				ENABLE_STRICT_OBJC_MSGSEND = YES;
				GCC_C_LANGUAGE_STANDARD = gnu11;
				GCC_NO_COMMON_BLOCKS = YES;
				GCC_WARN_64_TO_32_BIT_CONVERSION = YES;
				GCC_WARN_ABOUT_RETURN_TYPE = YES_ERROR;
				GCC_WARN_UNDECLARED_SELECTOR = YES;
				GCC_WARN_UNINITIALIZED_AUTOS = YES_AGGRESSIVE;
				GCC_WARN_UNUSED_FUNCTION = YES;
				GCC_WARN_UNUSED_VARIABLE = YES;
				IPHONEOS_DEPLOYMENT_TARGET = 12.1;
				MTL_ENABLE_DEBUG_INFO = NO;
				MTL_FAST_MATH = YES;
				SDKROOT = iphoneos;
				SWIFT_COMPILATION_MODE = wholemodule;
				SWIFT_OPTIMIZATION_LEVEL = "-O";
				VALIDATE_PRODUCT = YES;
			};
			name = Release;
		};
		3F970CD02250EAE90023B152 /* Debug */ = {
			isa = XCBuildConfiguration;
			buildSettings = {
				ALWAYS_EMBED_SWIFT_STANDARD_LIBRARIES = YES;
				ASSETCATALOG_COMPILER_APPICON_NAME = AppIcon;
				CODE_SIGN_ENTITLEMENTS = SiriTest/SiriTest.entitlements;
				CODE_SIGN_STYLE = Automatic;
				DEVELOPMENT_TEAM = MKH6AB3GFG;
				INFOPLIST_FILE = SiriTest/Info.plist;
				LD_RUNPATH_SEARCH_PATHS = (
					"$(inherited)",
					"@executable_path/Frameworks",
				);
				PRODUCT_BUNDLE_IDENTIFIER = self.SiriTest;
				PRODUCT_NAME = "$(TARGET_NAME)";
				SWIFT_VERSION = 4.2;
				TARGETED_DEVICE_FAMILY = "1,2";
			};
			name = Debug;
		};
		3F970CD12250EAE90023B152 /* Release */ = {
			isa = XCBuildConfiguration;
			buildSettings = {
				ALWAYS_EMBED_SWIFT_STANDARD_LIBRARIES = YES;
				ASSETCATALOG_COMPILER_APPICON_NAME = AppIcon;
				CODE_SIGN_ENTITLEMENTS = SiriTest/SiriTest.entitlements;
				CODE_SIGN_STYLE = Automatic;
				DEVELOPMENT_TEAM = MKH6AB3GFG;
				INFOPLIST_FILE = SiriTest/Info.plist;
				LD_RUNPATH_SEARCH_PATHS = (
					"$(inherited)",
					"@executable_path/Frameworks",
				);
				PRODUCT_BUNDLE_IDENTIFIER = self.SiriTest;
				PRODUCT_NAME = "$(TARGET_NAME)";
				SWIFT_VERSION = 4.2;
				TARGETED_DEVICE_FAMILY = "1,2";
			};
			name = Release;
		};
		3F970CF12250EB270023B152 /* Debug */ = {
			isa = XCBuildConfiguration;
			buildSettings = {
				CODE_SIGN_STYLE = Automatic;
				INFOPLIST_FILE = SiriUI/Info.plist;
				LD_RUNPATH_SEARCH_PATHS = (
					"$(inherited)",
					"@executable_path/Frameworks",
					"@executable_path/../../Frameworks",
				);
				PRODUCT_BUNDLE_IDENTIFIER = self.SiriTest.SiriUI;
				PRODUCT_NAME = "$(TARGET_NAME)";
				SKIP_INSTALL = YES;
				SWIFT_VERSION = 4.2;
				TARGETED_DEVICE_FAMILY = "1,2";
			};
			name = Debug;
		};
		3F970CF22250EB270023B152 /* Release */ = {
			isa = XCBuildConfiguration;
			buildSettings = {
				CODE_SIGN_STYLE = Automatic;
				INFOPLIST_FILE = SiriUI/Info.plist;
				LD_RUNPATH_SEARCH_PATHS = (
					"$(inherited)",
					"@executable_path/Frameworks",
					"@executable_path/../../Frameworks",
				);
				PRODUCT_BUNDLE_IDENTIFIER = self.SiriTest.SiriUI;
				PRODUCT_NAME = "$(TARGET_NAME)";
				SKIP_INSTALL = YES;
				SWIFT_VERSION = 4.2;
				TARGETED_DEVICE_FAMILY = "1,2";
			};
			name = Release;
		};
		3F970CF42250EB270023B152 /* Debug */ = {
			isa = XCBuildConfiguration;
			buildSettings = {
				CODE_SIGN_ENTITLEMENTS = Siri/Siri.entitlements;
				CODE_SIGN_STYLE = Automatic;
				DEVELOPMENT_TEAM = MKH6AB3GFG;
				INFOPLIST_FILE = Siri/Info.plist;
				LD_RUNPATH_SEARCH_PATHS = (
					"$(inherited)",
					"@executable_path/Frameworks",
					"@executable_path/../../Frameworks",
				);
				PRODUCT_BUNDLE_IDENTIFIER = self.SiriTest.Siri;
				PRODUCT_NAME = "$(TARGET_NAME)";
				SKIP_INSTALL = YES;
				SWIFT_VERSION = 4.2;
				TARGETED_DEVICE_FAMILY = "1,2";
			};
			name = Debug;
		};
		3F970CF52250EB270023B152 /* Release */ = {
			isa = XCBuildConfiguration;
			buildSettings = {
				CODE_SIGN_ENTITLEMENTS = Siri/Siri.entitlements;
				CODE_SIGN_STYLE = Automatic;
				DEVELOPMENT_TEAM = MKH6AB3GFG;
				INFOPLIST_FILE = Siri/Info.plist;
				LD_RUNPATH_SEARCH_PATHS = (
					"$(inherited)",
					"@executable_path/Frameworks",
					"@executable_path/../../Frameworks",
				);
				PRODUCT_BUNDLE_IDENTIFIER = self.SiriTest.Siri;
				PRODUCT_NAME = "$(TARGET_NAME)";
				SKIP_INSTALL = YES;
				SWIFT_VERSION = 4.2;
				TARGETED_DEVICE_FAMILY = "1,2";
			};
			name = Release;
		};
		3F970D1422510A6F0023B152 /* Debug */ = {
			isa = XCBuildConfiguration;
			buildSettings = {
				CODE_SIGN_IDENTITY = "";
				CODE_SIGN_STYLE = Automatic;
				CURRENT_PROJECT_VERSION = 1;
				DEFINES_MODULE = YES;
				DEVELOPMENT_TEAM = MKH6AB3GFG;
				DYLIB_COMPATIBILITY_VERSION = 1;
				DYLIB_CURRENT_VERSION = 1;
				DYLIB_INSTALL_NAME_BASE = "@rpath";
				INFOPLIST_FILE = HelperSiri/Info.plist;
				INSTALL_PATH = "$(LOCAL_LIBRARY_DIR)/Frameworks";
				LD_RUNPATH_SEARCH_PATHS = (
					"$(inherited)",
					"@executable_path/Frameworks",
					"@loader_path/Frameworks",
				);
				PRODUCT_BUNDLE_IDENTIFIER = self.HelperSiri;
				PRODUCT_NAME = "$(TARGET_NAME:c99extidentifier)";
				SKIP_INSTALL = YES;
				SWIFT_VERSION = 4.2;
				TARGETED_DEVICE_FAMILY = "1,2";
				VERSIONING_SYSTEM = "apple-generic";
				VERSION_INFO_PREFIX = "";
			};
			name = Debug;
		};
		3F970D1522510A6F0023B152 /* Release */ = {
			isa = XCBuildConfiguration;
			buildSettings = {
				CODE_SIGN_IDENTITY = "";
				CODE_SIGN_STYLE = Automatic;
				CURRENT_PROJECT_VERSION = 1;
				DEFINES_MODULE = YES;
				DEVELOPMENT_TEAM = MKH6AB3GFG;
				DYLIB_COMPATIBILITY_VERSION = 1;
				DYLIB_CURRENT_VERSION = 1;
				DYLIB_INSTALL_NAME_BASE = "@rpath";
				INFOPLIST_FILE = HelperSiri/Info.plist;
				INSTALL_PATH = "$(LOCAL_LIBRARY_DIR)/Frameworks";
				LD_RUNPATH_SEARCH_PATHS = (
					"$(inherited)",
					"@executable_path/Frameworks",
					"@loader_path/Frameworks",
				);
				PRODUCT_BUNDLE_IDENTIFIER = self.HelperSiri;
				PRODUCT_NAME = "$(TARGET_NAME:c99extidentifier)";
				SKIP_INSTALL = YES;
				SWIFT_VERSION = 4.2;
				TARGETED_DEVICE_FAMILY = "1,2";
				VERSIONING_SYSTEM = "apple-generic";
				VERSION_INFO_PREFIX = "";
			};
			name = Release;
		};
/* End XCBuildConfiguration section */

/* Begin XCConfigurationList section */
		3F970CB82250EAE70023B152 /* Build configuration list for PBXProject "SiriTest" */ = {
			isa = XCConfigurationList;
			buildConfigurations = (
				3F970CCD2250EAE90023B152 /* Debug */,
				3F970CCE2250EAE90023B152 /* Release */,
			);
			defaultConfigurationIsVisible = 0;
			defaultConfigurationName = Release;
		};
		3F970CCF2250EAE90023B152 /* Build configuration list for PBXNativeTarget "SiriTest" */ = {
			isa = XCConfigurationList;
			buildConfigurations = (
				3F970CD02250EAE90023B152 /* Debug */,
				3F970CD12250EAE90023B152 /* Release */,
			);
			defaultConfigurationIsVisible = 0;
			defaultConfigurationName = Release;
		};
		3F970CF02250EB270023B152 /* Build configuration list for PBXNativeTarget "SiriUI" */ = {
			isa = XCConfigurationList;
			buildConfigurations = (
				3F970CF12250EB270023B152 /* Debug */,
				3F970CF22250EB270023B152 /* Release */,
			);
			defaultConfigurationIsVisible = 0;
			defaultConfigurationName = Release;
		};
		3F970CF32250EB270023B152 /* Build configuration list for PBXNativeTarget "Siri" */ = {
			isa = XCConfigurationList;
			buildConfigurations = (
				3F970CF42250EB270023B152 /* Debug */,
				3F970CF52250EB270023B152 /* Release */,
			);
			defaultConfigurationIsVisible = 0;
			defaultConfigurationName = Release;
		};
		3F970D1322510A6F0023B152 /* Build configuration list for PBXNativeTarget "HelperSiri" */ = {
			isa = XCConfigurationList;
			buildConfigurations = (
				3F970D1422510A6F0023B152 /* Debug */,
				3F970D1522510A6F0023B152 /* Release */,
			);
			defaultConfigurationIsVisible = 0;
			defaultConfigurationName = Release;
		};
/* End XCConfigurationList section */
	};
	rootObject = 3F970CB52250EAE70023B152 /* Project object */;
}
